
Microsoft Visual Studio Solution File, Format Version 12.00
# Visual Studio Version 17
VisualStudioVersion = 17.8.34330.188
MinimumVisualStudioVersion = 10.0.40219.1
Project("{FAE04EC0-301F-11D3-BF4B-00C04F79EFBC}") = "IbmmqConnect.Api", "IbmmqConnect.Api\IbmmqConnect.Api.csproj", "{6C42CD04-9B38-4320-A26F-73760736631B}"
EndProject
Global
	GlobalSection(SolutionConfigurationPlatforms) = preSolution
		Debug|Any CPU = Debug|Any CPU
		Release|Any CPU = Release|Any CPU
	EndGlobalSection
	GlobalSection(ProjectConfigurationPlatforms) = postSolution
		{6C42CD04-9B38-4320-A26F-73760736631B}.Debug|Any CPU.ActiveCfg = Debug|Any CPU
		{6C42CD04-9B38-4320-A26F-73760736631B}.Debug|Any CPU.Build.0 = Debug|Any CPU
		{6C42CD04-9B38-4320-A26F-73760736631B}.Release|Any CPU.ActiveCfg = Release|Any CPU
		{6C42CD04-9B38-4320-A26F-73760736631B}.Release|Any CPU.Build.0 = Release|Any CPU
	EndGlobalSection
	GlobalSection(SolutionProperties) = preSolution
		HideSolutionNode = FALSE
	EndGlobalSection
	GlobalSection(ExtensibilityGlobals) = postSolution
		SolutionGuid = {2B07DB17-ECAB-4D9B-BDD3-40334A698E6F}
	EndGlobalSection
EndGlobal
